
Microsoft Visual Studio Solution File, Format Version 12.00
# Visual Studio 15
VisualStudioVersion = 15.0.28307.852
MinimumVisualStudioVersion = 10.0.40219.1
Project("{FAE04EC0-301F-11D3-BF4B-00C04F79EFBC}") = "TODO-BL", "TODO-BL\TODO-BL.csproj", "{59430364-C089-4771-AB32-E05A12585E24}"
EndProject
Project("{FAE04EC0-301F-11D3-BF4B-00C04F79EFBC}") = "TODO-DAL", "TODO-DAL\TODO-DAL.csproj", "{320CDBBD-10D8-4FEF-9EE2-186417FB235D}"
EndProject
Project("{FAE04EC0-301F-11D3-BF4B-00C04F79EFBC}") = "TODO-UI", "TODO-UI\TODO-UI.csproj", "{1D38361A-5902-43D0-B967-881D4899617F}"
EndProject
Global
	GlobalSection(SolutionConfigurationPlatforms) = preSolution
		Debug|Any CPU = Debug|Any CPU
		Release|Any CPU = Release|Any CPU
	EndGlobalSection
	GlobalSection(ProjectConfigurationPlatforms) = postSolution
		{59430364-C089-4771-AB32-E05A12585E24}.Debug|Any CPU.ActiveCfg = Debug|Any CPU
		{59430364-C089-4771-AB32-E05A12585E24}.Debug|Any CPU.Build.0 = Debug|Any CPU
		{59430364-C089-4771-AB32-E05A12585E24}.Release|Any CPU.ActiveCfg = Release|Any CPU
		{59430364-C089-4771-AB32-E05A12585E24}.Release|Any CPU.Build.0 = Release|Any CPU
		{320CDBBD-10D8-4FEF-9EE2-186417FB235D}.Debug|Any CPU.ActiveCfg = Debug|Any CPU
		{320CDBBD-10D8-4FEF-9EE2-186417FB235D}.Debug|Any CPU.Build.0 = Debug|Any CPU
		{320CDBBD-10D8-4FEF-9EE2-186417FB235D}.Release|Any CPU.ActiveCfg = Release|Any CPU
		{320CDBBD-10D8-4FEF-9EE2-186417FB235D}.Release|Any CPU.Build.0 = Release|Any CPU
		{1D38361A-5902-43D0-B967-881D4899617F}.Debug|Any CPU.ActiveCfg = Debug|Any CPU
		{1D38361A-5902-43D0-B967-881D4899617F}.Debug|Any CPU.Build.0 = Debug|Any CPU
		{1D38361A-5902-43D0-B967-881D4899617F}.Release|Any CPU.ActiveCfg = Release|Any CPU
		{1D38361A-5902-43D0-B967-881D4899617F}.Release|Any CPU.Build.0 = Release|Any CPU
	EndGlobalSection
	GlobalSection(SolutionProperties) = preSolution
		HideSolutionNode = FALSE
	EndGlobalSection
	GlobalSection(ExtensibilityGlobals) = postSolution
		SolutionGuid = {74D863B2-3376-4B78-88D3-BF7E243DF99D}
	EndGlobalSection
EndGlobal
